<?xml version="1.0" encoding="utf-8"?>
<Project ToolsVersion="4.0" xmlns="http://schemas.microsoft.com/developer/msbuild/2003">
  <ItemGroup>
    <Filter Include="Source Files">
      <UniqueIdentifier>{4FC737F1-C7A5-4376-A066-2A32D752A2FF}</UniqueIdentifier>
      <Extensions>cpp;c;cc;cxx;c++;cppm;ixx;def;odl;idl;hpj;bat;asm;asmx</Extensions>
    </Filter>
    <Filter Include="Header Files">
      <UniqueIdentifier>{93995380-89BD-4b04-88EB-625FBE52EBFB}</UniqueIdentifier>
      <Extensions>h;hh;hpp;hxx;h++;hm;inl;inc;ipp;xsd</Extensions>
    </Filter>
    <Filter Include="Resource Files">
      <UniqueIdentifier>{67DA6AB6-F800-4c08-8B7A-83BB121AAD01}</UniqueIdentifier>
      <Extensions>rc;ico;cur;bmp;dlg;rc2;rct;bin;rgs;gif;jpg;jpeg;jpe;resx;tiff;tif;png;wav;mfcribbon-ms</Extensions>
    </Filter>
  </ItemGroup>
  <ItemGroup>
    <ClCompile Include="main.cpp">
      <Filter>Source Files</Filter>
    </ClCompile>
    <ClCompile Include="src\frontend\Engine.cpp">
      <Filter>Source Files</Filter>
    </ClCompile>
    <ClCompile Include="src\frontend\EngineSettings.cpp">
      <Filter>Source Files</Filter>
    </ClCompile>
    <ClCompile Include="src\frontend\Window.cpp">
      <Filter>Source Files</Filter>
    </ClCompile>
    <ClCompile Include="src\backend\EngineCommands.cpp">
      <Filter>Source Files</Filter>
    </ClCompile>
    <ClCompile Include="src\backend\graphics\Graphics.cpp">
      <Filter>Source Files</Filter>
    </ClCompile>
    <ClCompile Include="src\backend\graphics\GraphicsCaps.cpp">
      <Filter>Source Files</Filter>
    </ClCompile>
    <ClCompile Include="src\backend\graphics\VkDebug.cpp">
      <Filter>Source Files</Filter>
    </ClCompile>
    <ClCompile Include="src\backend\VkWindow.cpp">
      <Filter>Source Files</Filter>
    </ClCompile>
    <ClCompile Include="src\backend\graphics\Swapchain.cpp">
      <Filter>Source Files</Filter>
    </ClCompile>
    <ClCompile Include="src\backend\graphics\SurfaceManager.cpp">
      <Filter>Source Files</Filter>
    </ClCompile>
    <ClCompile Include="src\backend\graphics\Image.cpp">
      <Filter>Source Files</Filter>
    </ClCompile>
    <ClCompile Include="src\backend\graphics\Surface.cpp">
      <Filter>Source Files</Filter>
    </ClCompile>
    <ClCompile Include="src\backend\graphics\CommandBufferManager.cpp">
      <Filter>Source Files</Filter>
    </ClCompile>
    <ClCompile Include="src\backend\graphics\CommandBuffer.cpp">
      <Filter>Source Files</Filter>
    </ClCompile>
    <ClCompile Include="src\backend\graphics\RenderPassBase.cpp">
      <Filter>Source Files</Filter>
    </ClCompile>
    <ClCompile Include="src\backend\graphics\RenderPass.cpp">
      <Filter>Source Files</Filter>
    </ClCompile>
    <ClCompile Include="src\backend\graphics\Framebuffer.cpp">
      <Filter>Source Files</Filter>
    </ClCompile>
    <ClCompile Include="src\backend\VulkanResource.cpp">
      <Filter>Source Files</Filter>
    </ClCompile>
    <ClCompile Include="src\backend\VulkanGarbageCollector.cpp">
      <Filter>Source Files</Filter>
    </ClCompile>
    <ClCompile Include="src\extern\IMGUI\backends\imgui_impl_glfw.cpp">
      <Filter>Source Files</Filter>
    </ClCompile>
    <ClCompile Include="src\extern\IMGUI\backends\imgui_impl_vulkan.cpp">
      <Filter>Source Files</Filter>
    </ClCompile>
    <ClCompile Include="src\backend\graphics\RenderPassImGUI.cpp">
      <Filter>Source Files</Filter>
    </ClCompile>
    <ClCompile Include="src\frontend\UI.cpp">
      <Filter>Source Files</Filter>
    </ClCompile>
    <ClCompile Include="src\frontend\AssetImporter.cpp">
      <Filter>Source Files</Filter>
    </ClCompile>
    <ClCompile Include="src\Utils\Utilities.cpp">
      <Filter>Source Files</Filter>
    </ClCompile>
    <ClCompile Include="src\backend\VulkanBuffer.cpp">
      <Filter>Source Files</Filter>
    </ClCompile>
    <ClCompile Include="src\backend\VulkanMemory.cpp">
      <Filter>Source Files</Filter>
    </ClCompile>
    <ClCompile Include="src\backend\graphics\VulkanShader.cpp">
      <Filter>Source Files</Filter>
    </ClCompile>
    <ClCompile Include="src\backend\graphics\VulkanShaderManager.cpp">
      <Filter>Source Files</Filter>
    </ClCompile>
    <ClCompile Include="src\backend\graphics\Pipeline.cpp">
      <Filter>Source Files</Filter>
    </ClCompile>
    <ClCompile Include="src\backend\graphics\PipelineManager.cpp">
      <Filter>Source Files</Filter>
    </ClCompile>
    <ClCompile Include="src\backend\graphics\RenderPassGeneratorBase.cpp">
      <Filter>Source Files</Filter>
    </ClCompile>
    <ClCompile Include="src\backend\graphics\RenderPassGeneratorSimple.cpp">
      <Filter>Source Files</Filter>
    </ClCompile>
  </ItemGroup>
  <ItemGroup>
    <ClInclude Include="src\frontend\Engine.h">
      <Filter>Header Files</Filter>
    </ClInclude>
    <ClInclude Include="src\Utils\NonCopyable.h">
      <Filter>Header Files</Filter>
    </ClInclude>
    <ClInclude Include="src\backend\parallel\ConsumerBase.h">
      <Filter>Header Files</Filter>
    </ClInclude>
    <ClInclude Include="src\backend\parallel\ConsumerThread.h">
      <Filter>Header Files</Filter>
    </ClInclude>
    <ClInclude Include="src\backend\parallel\WorkQ_ST.h">
      <Filter>Header Files</Filter>
    </ClInclude>
    <ClInclude Include="src\backend\parallel\WorkQ.h">
      <Filter>Header Files</Filter>
    </ClInclude>
    <ClInclude Include="src\frontend\Components\Components.h">
      <Filter>Header Files</Filter>
    </ClInclude>
    <ClInclude Include="src\frontend\EngineSettings.h">
      <Filter>Header Files</Filter>
    </ClInclude>
    <ClInclude Include="src\frontend\Window.h">
      <Filter>Header Files</Filter>
    </ClInclude>
    <ClInclude Include="src\backend\graphics\Graphics.h">
      <Filter>Header Files</Filter>
    </ClInclude>
    <ClInclude Include="src\backend\graphics\GraphicsCaps.h">
      <Filter>Header Files</Filter>
    </ClInclude>
    <ClInclude Include="src\frontend\Debug.h">
      <Filter>Header Files</Filter>
    </ClInclude>
    <ClInclude Include="src\backend\graphics\VkDebug.h">
      <Filter>Header Files</Filter>
    </ClInclude>
    <ClInclude Include="src\backend\EngineCommandResources.h">
      <Filter>Header Files</Filter>
    </ClInclude>
    <ClInclude Include="src\backend\VkWindow.h">
      <Filter>Header Files</Filter>
    </ClInclude>
    <ClInclude Include="src\backend\graphics\Swapchain.h">
      <Filter>Header Files</Filter>
    </ClInclude>
    <ClInclude Include="src\backend\EnumTranslator.h">
      <Filter>Header Files</Filter>
    </ClInclude>
    <ClInclude Include="src\backend\graphics\SurfaceManager.h">
      <Filter>Header Files</Filter>
    </ClInclude>
    <ClInclude Include="src\backend\graphics\Surface.h">
      <Filter>Header Files</Filter>
    </ClInclude>
    <ClInclude Include="src\backend\graphics\Image.h">
      <Filter>Header Files</Filter>
    </ClInclude>
    <ClInclude Include="src\backend\graphics\CommandBufferManager.h">
      <Filter>Header Files</Filter>
    </ClInclude>
    <ClInclude Include="src\backend\graphics\CommandBuffer.h">
      <Filter>Header Files</Filter>
    </ClInclude>
    <ClInclude Include="src\backend\graphics\RenderPassBase.h">
      <Filter>Header Files</Filter>
    </ClInclude>
    <ClInclude Include="src\backend\graphics\RenderPass.h">
      <Filter>Header Files</Filter>
    </ClInclude>
    <ClInclude Include="src\backend\graphics\Framebuffer.h">
      <Filter>Header Files</Filter>
    </ClInclude>
    <ClInclude Include="src\backend\VulkanResource.h">
      <Filter>Header Files</Filter>
    </ClInclude>
    <ClInclude Include="src\backend\VulkanGarbageCollector.h">
      <Filter>Header Files</Filter>
    </ClInclude>
    <ClInclude Include="src\extern\IMGUI\backends\imgui_impl_glfw.h">
      <Filter>Header Files</Filter>
    </ClInclude>
    <ClInclude Include="src\extern\IMGUI\backends\imgui_impl_vulkan.h">
      <Filter>Header Files</Filter>
    </ClInclude>
    <ClInclude Include="src\backend\graphics\RenderPassImGUI.h">
      <Filter>Header Files</Filter>
    </ClInclude>
    <ClInclude Include="src\frontend\UI.h">
      <Filter>Header Files</Filter>
    </ClInclude>
    <ClInclude Include="src\frontend\AssetImporter.h">
      <Filter>Header Files</Filter>
    </ClInclude>
    <ClInclude Include="src\Utils\Utilities.h">
      <Filter>Header Files</Filter>
    </ClInclude>
    <ClInclude Include="src\backend\VulkanMemory.h">
      <Filter>Header Files</Filter>
    </ClInclude>
    <ClInclude Include="src\backend\VulkanBuffer.h">
      <Filter>Header Files</Filter>
    </ClInclude>
    <ClInclude Include="src\backend\graphics\VulkanShader.h">
      <Filter>Header Files</Filter>
    </ClInclude>
    <ClInclude Include="src\backend\graphics\VulkanShaderManager.h">
      <Filter>Header Files</Filter>
    </ClInclude>
    <ClInclude Include="src\backend\graphics\PipelineManager.h">
      <Filter>Header Files</Filter>
    </ClInclude>
    <ClInclude Include="src\backend\graphics\Pipeline.h">
      <Filter>Header Files</Filter>
    </ClInclude>
    <ClInclude Include="src\backend\graphics\RenderPassGeneratorBase.h">
      <Filter>Header Files</Filter>
    </ClInclude>
    <ClInclude Include="src\backend\graphics\RenderPassGeneratorSimple.h">
      <Filter>Header Files</Filter>
    </ClInclude>
  </ItemGroup>
</Project>